<?xml version="1.0" encoding="utf-8"?>
<Project ToolsVersion="4.0" xmlns="http://schemas.microsoft.com/developer/msbuild/2003">
  <ItemGroup>
    <Filter Include="Source Files">
      <UniqueIdentifier>{4FC737F1-C7A5-4376-A066-2A32D752A2FF}</UniqueIdentifier>
      <Extensions>cpp;c;cc;cxx;c++;cppm;ixx;def;odl;idl;hpj;bat;asm;asmx</Extensions>
    </Filter>
    <Filter Include="Header Files">
      <UniqueIdentifier>{93995380-89BD-4b04-88EB-625FBE52EBFB}</UniqueIdentifier>
      <Extensions>h;hh;hpp;hxx;h++;hm;inl;inc;ipp;xsd</Extensions>
    </Filter>
    <Filter Include="Resource Files">
      <UniqueIdentifier>{67DA6AB6-F800-4c08-8B7A-83BB121AAD01}</UniqueIdentifier>
      <Extensions>rc;ico;cur;bmp;dlg;rc2;rct;bin;rgs;gif;jpg;jpeg;jpe;resx;tiff;tif;png;wav;mfcribbon-ms</Extensions>
    </Filter>
  </ItemGroup>
  <ItemGroup>
    <ClCompile Include="APImageProcessorClient.cpp">
      <Filter>Source Files</Filter>
    </ClCompile>
    <ClCompile Include="UDPClient.cpp">
      <Filter>Source Files</Filter>
    </ClCompile>
    <ClCompile Include="ImageRequest.cpp">
      <Filter>Source Files</Filter>
    </ClCompile>
    <ClCompile Include="ImageFilterTypes.cpp">
      <Filter>Source Files</Filter>
    </ClCompile>
    <ClCompile Include="InputProcessor.cpp">
      <Filter>Source Files</Filter>
    </ClCompile>
    <ClCompile Include="FilterParamsValidator.cpp">
      <Filter>Source Files</Filter>
    </ClCompile>
    <ClCompile Include="ResizeFilterParamsValidator.cpp">
      <Filter>Source Files</Filter>
    </ClCompile>
    <ClCompile Include="RotateFilterParamsValidator.cpp">
      <Filter>Source Files</Filter>
    </ClCompile>
    <ClCompile Include="CropFilterParamsValidator.cpp">
      <Filter>Source Files</Filter>
    </ClCompile>
    <ClCompile Include="FlipFilterParamsValidator.cpp">
      <Filter>Source Files</Filter>
    </ClCompile>
    <ClCompile Include="BrightnessAdjFilterParamsValidator.cpp">
      <Filter>Source Files</Filter>
    </ClCompile>
  </ItemGroup>
  <ItemGroup>
    <ClInclude Include="UDPClient.h">
      <Filter>Header Files</Filter>
    </ClInclude>
    <ClInclude Include="Constants.h">
      <Filter>Header Files</Filter>
    </ClInclude>
    <ClInclude Include="ImageRequest.h">
      <Filter>Header Files</Filter>
    </ClInclude>
    <ClInclude Include="ImageFilterTypes.h">
      <Filter>Header Files</Filter>
    </ClInclude>
    <ClInclude Include="InputProcessor.h">
      <Filter>Header Files</Filter>
    </ClInclude>
    <ClInclude Include="FilterParamsValidator.h">
      <Filter>Header Files</Filter>
    </ClInclude>
    <ClInclude Include="ResizeFilterParamsValidator.h">
      <Filter>Header Files</Filter>
    </ClInclude>
    <ClInclude Include="RotateFilterParamsValidator.h">
      <Filter>Header Files</Filter>
    </ClInclude>
    <ClInclude Include="CropFilterParamsValidator.h">
      <Filter>Header Files</Filter>
    </ClInclude>
    <ClInclude Include="FlipFilterParamsValidator.h">
      <Filter>Header Files</Filter>
    </ClInclude>
    <ClInclude Include="BrightnessAdjFilterParamsValidator.h">
      <Filter>Header Files</Filter>
    </ClInclude>
  </ItemGroup>
</Project>